
Microsoft Visual Studio Solution File, Format Version 12.00
# Visual Studio 15
VisualStudioVersion = 15.0.26730.16
MinimumVisualStudioVersion = 10.0.40219.1
Project("{FAE04EC0-301F-11D3-BF4B-00C04F79EFBC}") = "LayoutsTraining.Android", "LayoutsTraining\LayoutsTraining.Android\LayoutsTraining.Android.csproj", "{ED2455E8-9D24-4193-AD38-04A23EC2BE60}"
EndProject
Project("{FAE04EC0-301F-11D3-BF4B-00C04F79EFBC}") = "LayoutsTraining", "LayoutsTraining\LayoutsTraining\LayoutsTraining.csproj", "{04EB9A8E-9E88-4D31-997E-7DA878B31C44}"
EndProject
Project("{FAE04EC0-301F-11D3-BF4B-00C04F79EFBC}") = "LayoutsTraining.UWP", "LayoutsTraining\LayoutsTraining.UWP\LayoutsTraining.UWP.csproj", "{C457928C-F432-496F-8251-FEAA62723A88}"
EndProject
Project("{FAE04EC0-301F-11D3-BF4B-00C04F79EFBC}") = "LayoutsTraining.iOS", "LayoutsTraining\LayoutsTraining.iOS\LayoutsTraining.iOS.csproj", "{75D86F5B-28F6-4243-874D-188CB36A09FF}"
EndProject
Global
	GlobalSection(SolutionConfigurationPlatforms) = preSolution
		Ad-Hoc|Any CPU = Ad-Hoc|Any CPU
		Ad-Hoc|ARM = Ad-Hoc|ARM
		Ad-Hoc|iPhone = Ad-Hoc|iPhone
		Ad-Hoc|iPhoneSimulator = Ad-Hoc|iPhoneSimulator
		Ad-Hoc|x64 = Ad-Hoc|x64
		Ad-Hoc|x86 = Ad-Hoc|x86
		AppStore|Any CPU = AppStore|Any CPU
		AppStore|ARM = AppStore|ARM
		AppStore|iPhone = AppStore|iPhone
		AppStore|iPhoneSimulator = AppStore|iPhoneSimulator
		AppStore|x64 = AppStore|x64
		AppStore|x86 = AppStore|x86
		Debug|Any CPU = Debug|Any CPU
		Debug|ARM = Debug|ARM
		Debug|iPhone = Debug|iPhone
		Debug|iPhoneSimulator = Debug|iPhoneSimulator
		Debug|x64 = Debug|x64
		Debug|x86 = Debug|x86
		Release|Any CPU = Release|Any CPU
		Release|ARM = Release|ARM
		Release|iPhone = Release|iPhone
		Release|iPhoneSimulator = Release|iPhoneSimulator
		Release|x64 = Release|x64
		Release|x86 = Release|x86
	EndGlobalSection
	GlobalSection(ProjectConfigurationPlatforms) = postSolution
		{ED2455E8-9D24-4193-AD38-04A23EC2BE60}.Ad-Hoc|Any CPU.ActiveCfg = Release|Any CPU
		{ED2455E8-9D24-4193-AD38-04A23EC2BE60}.Ad-Hoc|Any CPU.Build.0 = Release|Any CPU
		{ED2455E8-9D24-4193-AD38-04A23EC2BE60}.Ad-Hoc|Any CPU.Deploy.0 = Release|Any CPU
		{ED2455E8-9D24-4193-AD38-04A23EC2BE60}.Ad-Hoc|ARM.ActiveCfg = Release|Any CPU
		{ED2455E8-9D24-4193-AD38-04A23EC2BE60}.Ad-Hoc|ARM.Build.0 = Release|Any CPU
		{ED2455E8-9D24-4193-AD38-04A23EC2BE60}.Ad-Hoc|ARM.Deploy.0 = Release|Any CPU
		{ED2455E8-9D24-4193-AD38-04A23EC2BE60}.Ad-Hoc|iPhone.ActiveCfg = Release|Any CPU
		{ED2455E8-9D24-4193-AD38-04A23EC2BE60}.Ad-Hoc|iPhone.Build.0 = Release|Any CPU
		{ED2455E8-9D24-4193-AD38-04A23EC2BE60}.Ad-Hoc|iPhone.Deploy.0 = Release|Any CPU
		{ED2455E8-9D24-4193-AD38-04A23EC2BE60}.Ad-Hoc|iPhoneSimulator.ActiveCfg = Release|Any CPU
		{ED2455E8-9D24-4193-AD38-04A23EC2BE60}.Ad-Hoc|iPhoneSimulator.Build.0 = Release|Any CPU
		{ED2455E8-9D24-4193-AD38-04A23EC2BE60}.Ad-Hoc|iPhoneSimulator.Deploy.0 = Release|Any CPU
		{ED2455E8-9D24-4193-AD38-04A23EC2BE60}.Ad-Hoc|x64.ActiveCfg = Release|Any CPU
		{ED2455E8-9D24-4193-AD38-04A23EC2BE60}.Ad-Hoc|x64.Build.0 = Release|Any CPU
		{ED2455E8-9D24-4193-AD38-04A23EC2BE60}.Ad-Hoc|x64.Deploy.0 = Release|Any CPU
		{ED2455E8-9D24-4193-AD38-04A23EC2BE60}.Ad-Hoc|x86.ActiveCfg = Release|Any CPU
		{ED2455E8-9D24-4193-AD38-04A23EC2BE60}.Ad-Hoc|x86.Build.0 = Release|Any CPU
		{ED2455E8-9D24-4193-AD38-04A23EC2BE60}.Ad-Hoc|x86.Deploy.0 = Release|Any CPU
		{ED2455E8-9D24-4193-AD38-04A23EC2BE60}.AppStore|Any CPU.ActiveCfg = Release|Any CPU
		{ED2455E8-9D24-4193-AD38-04A23EC2BE60}.AppStore|Any CPU.Build.0 = Release|Any CPU
		{ED2455E8-9D24-4193-AD38-04A23EC2BE60}.AppStore|Any CPU.Deploy.0 = Release|Any CPU
		{ED2455E8-9D24-4193-AD38-04A23EC2BE60}.AppStore|ARM.ActiveCfg = Release|Any CPU
		{ED2455E8-9D24-4193-AD38-04A23EC2BE60}.AppStore|ARM.Build.0 = Release|Any CPU
		{ED2455E8-9D24-4193-AD38-04A23EC2BE60}.AppStore|ARM.Deploy.0 = Release|Any CPU
		{ED2455E8-9D24-4193-AD38-04A23EC2BE60}.AppStore|iPhone.ActiveCfg = Release|Any CPU
		{ED2455E8-9D24-4193-AD38-04A23EC2BE60}.AppStore|iPhone.Build.0 = Release|Any CPU
		{ED2455E8-9D24-4193-AD38-04A23EC2BE60}.AppStore|iPhone.Deploy.0 = Release|Any CPU
		{ED2455E8-9D24-4193-AD38-04A23EC2BE60}.AppStore|iPhoneSimulator.ActiveCfg = Release|Any CPU
		{ED2455E8-9D24-4193-AD38-04A23EC2BE60}.AppStore|iPhoneSimulator.Build.0 = Release|Any CPU
		{ED2455E8-9D24-4193-AD38-04A23EC2BE60}.AppStore|iPhoneSimulator.Deploy.0 = Release|Any CPU
		{ED2455E8-9D24-4193-AD38-04A23EC2BE60}.AppStore|x64.ActiveCfg = Release|Any CPU
		{ED2455E8-9D24-4193-AD38-04A23EC2BE60}.AppStore|x64.Build.0 = Release|Any CPU
		{ED2455E8-9D24-4193-AD38-04A23EC2BE60}.AppStore|x64.Deploy.0 = Release|Any CPU
		{ED2455E8-9D24-4193-AD38-04A23EC2BE60}.AppStore|x86.ActiveCfg = Release|Any CPU
		{ED2455E8-9D24-4193-AD38-04A23EC2BE60}.AppStore|x86.Build.0 = Release|Any CPU
		{ED2455E8-9D24-4193-AD38-04A23EC2BE60}.AppStore|x86.Deploy.0 = Release|Any CPU
		{ED2455E8-9D24-4193-AD38-04A23EC2BE60}.Debug|Any CPU.ActiveCfg = Debug|Any CPU
		{ED2455E8-9D24-4193-AD38-04A23EC2BE60}.Debug|Any CPU.Build.0 = Debug|Any CPU
		{ED2455E8-9D24-4193-AD38-04A23EC2BE60}.Debug|Any CPU.Deploy.0 = Debug|Any CPU
		{ED2455E8-9D24-4193-AD38-04A23EC2BE60}.Debug|ARM.ActiveCfg = Debug|Any CPU
		{ED2455E8-9D24-4193-AD38-04A23EC2BE60}.Debug|ARM.Build.0 = Debug|Any CPU
		{ED2455E8-9D24-4193-AD38-04A23EC2BE60}.Debug|ARM.Deploy.0 = Debug|Any CPU
		{ED2455E8-9D24-4193-AD38-04A23EC2BE60}.Debug|iPhone.ActiveCfg = Debug|Any CPU
		{ED2455E8-9D24-4193-AD38-04A23EC2BE60}.Debug|iPhone.Build.0 = Debug|Any CPU
		{ED2455E8-9D24-4193-AD38-04A23EC2BE60}.Debug|iPhone.Deploy.0 = Debug|Any CPU
		{ED2455E8-9D24-4193-AD38-04A23EC2BE60}.Debug|iPhoneSimulator.ActiveCfg = Debug|Any CPU
		{ED2455E8-9D24-4193-AD38-04A23EC2BE60}.Debug|iPhoneSimulator.Build.0 = Debug|Any CPU
		{ED2455E8-9D24-4193-AD38-04A23EC2BE60}.Debug|iPhoneSimulator.Deploy.0 = Debug|Any CPU
		{ED2455E8-9D24-4193-AD38-04A23EC2BE60}.Debug|x64.ActiveCfg = Debug|Any CPU
		{ED2455E8-9D24-4193-AD38-04A23EC2BE60}.Debug|x64.Build.0 = Debug|Any CPU
		{ED2455E8-9D24-4193-AD38-04A23EC2BE60}.Debug|x64.Deploy.0 = Debug|Any CPU
		{ED2455E8-9D24-4193-AD38-04A23EC2BE60}.Debug|x86.ActiveCfg = Debug|Any CPU
		{ED2455E8-9D24-4193-AD38-04A23EC2BE60}.Debug|x86.Build.0 = Debug|Any CPU
		{ED2455E8-9D24-4193-AD38-04A23EC2BE60}.Debug|x86.Deploy.0 = Debug|Any CPU
		{ED2455E8-9D24-4193-AD38-04A23EC2BE60}.Release|Any CPU.ActiveCfg = Release|Any CPU
		{ED2455E8-9D24-4193-AD38-04A23EC2BE60}.Release|Any CPU.Build.0 = Release|Any CPU
		{ED2455E8-9D24-4193-AD38-04A23EC2BE60}.Release|Any CPU.Deploy.0 = Release|Any CPU
		{ED2455E8-9D24-4193-AD38-04A23EC2BE60}.Release|ARM.ActiveCfg = Release|Any CPU
		{ED2455E8-9D24-4193-AD38-04A23EC2BE60}.Release|ARM.Build.0 = Release|Any CPU
		{ED2455E8-9D24-4193-AD38-04A23EC2BE60}.Release|ARM.Deploy.0 = Release|Any CPU
		{ED2455E8-9D24-4193-AD38-04A23EC2BE60}.Release|iPhone.ActiveCfg = Release|Any CPU
		{ED2455E8-9D24-4193-AD38-04A23EC2BE60}.Release|iPhone.Build.0 = Release|Any CPU
		{ED2455E8-9D24-4193-AD38-04A23EC2BE60}.Release|iPhone.Deploy.0 = Release|Any CPU
		{ED2455E8-9D24-4193-AD38-04A23EC2BE60}.Release|iPhoneSimulator.ActiveCfg = Release|Any CPU
		{ED2455E8-9D24-4193-AD38-04A23EC2BE60}.Release|iPhoneSimulator.Build.0 = Release|Any CPU
		{ED2455E8-9D24-4193-AD38-04A23EC2BE60}.Release|iPhoneSimulator.Deploy.0 = Release|Any CPU
		{ED2455E8-9D24-4193-AD38-04A23EC2BE60}.Release|x64.ActiveCfg = Release|Any CPU
		{ED2455E8-9D24-4193-AD38-04A23EC2BE60}.Release|x64.Build.0 = Release|Any CPU
		{ED2455E8-9D24-4193-AD38-04A23EC2BE60}.Release|x64.Deploy.0 = Release|Any CPU
		{ED2455E8-9D24-4193-AD38-04A23EC2BE60}.Release|x86.ActiveCfg = Release|Any CPU
		{ED2455E8-9D24-4193-AD38-04A23EC2BE60}.Release|x86.Build.0 = Release|Any CPU
		{ED2455E8-9D24-4193-AD38-04A23EC2BE60}.Release|x86.Deploy.0 = Release|Any CPU
		{04EB9A8E-9E88-4D31-997E-7DA878B31C44}.Ad-Hoc|Any CPU.ActiveCfg = Release|Any CPU
		{04EB9A8E-9E88-4D31-997E-7DA878B31C44}.Ad-Hoc|Any CPU.Build.0 = Release|Any CPU
		{04EB9A8E-9E88-4D31-997E-7DA878B31C44}.Ad-Hoc|ARM.ActiveCfg = Release|Any CPU
		{04EB9A8E-9E88-4D31-997E-7DA878B31C44}.Ad-Hoc|ARM.Build.0 = Release|Any CPU
		{04EB9A8E-9E88-4D31-997E-7DA878B31C44}.Ad-Hoc|iPhone.ActiveCfg = Release|Any CPU
		{04EB9A8E-9E88-4D31-997E-7DA878B31C44}.Ad-Hoc|iPhone.Build.0 = Release|Any CPU
		{04EB9A8E-9E88-4D31-997E-7DA878B31C44}.Ad-Hoc|iPhoneSimulator.ActiveCfg = Release|Any CPU
		{04EB9A8E-9E88-4D31-997E-7DA878B31C44}.Ad-Hoc|iPhoneSimulator.Build.0 = Release|Any CPU
		{04EB9A8E-9E88-4D31-997E-7DA878B31C44}.Ad-Hoc|x64.ActiveCfg = Release|Any CPU
		{04EB9A8E-9E88-4D31-997E-7DA878B31C44}.Ad-Hoc|x64.Build.0 = Release|Any CPU
		{04EB9A8E-9E88-4D31-997E-7DA878B31C44}.Ad-Hoc|x86.ActiveCfg = Release|Any CPU
		{04EB9A8E-9E88-4D31-997E-7DA878B31C44}.Ad-Hoc|x86.Build.0 = Release|Any CPU
		{04EB9A8E-9E88-4D31-997E-7DA878B31C44}.AppStore|Any CPU.ActiveCfg = Release|Any CPU
		{04EB9A8E-9E88-4D31-997E-7DA878B31C44}.AppStore|Any CPU.Build.0 = Release|Any CPU
		{04EB9A8E-9E88-4D31-997E-7DA878B31C44}.AppStore|ARM.ActiveCfg = Release|Any CPU
		{04EB9A8E-9E88-4D31-997E-7DA878B31C44}.AppStore|ARM.Build.0 = Release|Any CPU
		{04EB9A8E-9E88-4D31-997E-7DA878B31C44}.AppStore|iPhone.ActiveCfg = Release|Any CPU
		{04EB9A8E-9E88-4D31-997E-7DA878B31C44}.AppStore|iPhone.Build.0 = Release|Any CPU
		{04EB9A8E-9E88-4D31-997E-7DA878B31C44}.AppStore|iPhoneSimulator.ActiveCfg = Release|Any CPU
		{04EB9A8E-9E88-4D31-997E-7DA878B31C44}.AppStore|iPhoneSimulator.Build.0 = Release|Any CPU
		{04EB9A8E-9E88-4D31-997E-7DA878B31C44}.AppStore|x64.ActiveCfg = Release|Any CPU
		{04EB9A8E-9E88-4D31-997E-7DA878B31C44}.AppStore|x64.Build.0 = Release|Any CPU
		{04EB9A8E-9E88-4D31-997E-7DA878B31C44}.AppStore|x86.ActiveCfg = Release|Any CPU
		{04EB9A8E-9E88-4D31-997E-7DA878B31C44}.AppStore|x86.Build.0 = Release|Any CPU
		{04EB9A8E-9E88-4D31-997E-7DA878B31C44}.Debug|Any CPU.ActiveCfg = Debug|Any CPU
		{04EB9A8E-9E88-4D31-997E-7DA878B31C44}.Debug|Any CPU.Build.0 = Debug|Any CPU
		{04EB9A8E-9E88-4D31-997E-7DA878B31C44}.Debug|ARM.ActiveCfg = Debug|Any CPU
		{04EB9A8E-9E88-4D31-997E-7DA878B31C44}.Debug|ARM.Build.0 = Debug|Any CPU
		{04EB9A8E-9E88-4D31-997E-7DA878B31C44}.Debug|iPhone.ActiveCfg = Debug|Any CPU
		{04EB9A8E-9E88-4D31-997E-7DA878B31C44}.Debug|iPhone.Build.0 = Debug|Any CPU
		{04EB9A8E-9E88-4D31-997E-7DA878B31C44}.Debug|iPhoneSimulator.ActiveCfg = Debug|Any CPU
		{04EB9A8E-9E88-4D31-997E-7DA878B31C44}.Debug|iPhoneSimulator.Build.0 = Debug|Any CPU
		{04EB9A8E-9E88-4D31-997E-7DA878B31C44}.Debug|x64.ActiveCfg = Debug|Any CPU
		{04EB9A8E-9E88-4D31-997E-7DA878B31C44}.Debug|x64.Build.0 = Debug|Any CPU
		{04EB9A8E-9E88-4D31-997E-7DA878B31C44}.Debug|x86.ActiveCfg = Debug|Any CPU
		{04EB9A8E-9E88-4D31-997E-7DA878B31C44}.Debug|x86.Build.0 = Debug|Any CPU
		{04EB9A8E-9E88-4D31-997E-7DA878B31C44}.Release|Any CPU.ActiveCfg = Release|Any CPU
		{04EB9A8E-9E88-4D31-997E-7DA878B31C44}.Release|Any CPU.Build.0 = Release|Any CPU
		{04EB9A8E-9E88-4D31-997E-7DA878B31C44}.Release|ARM.ActiveCfg = Release|Any CPU
		{04EB9A8E-9E88-4D31-997E-7DA878B31C44}.Release|ARM.Build.0 = Release|Any CPU
		{04EB9A8E-9E88-4D31-997E-7DA878B31C44}.Release|iPhone.ActiveCfg = Release|Any CPU
		{04EB9A8E-9E88-4D31-997E-7DA878B31C44}.Release|iPhone.Build.0 = Release|Any CPU
		{04EB9A8E-9E88-4D31-997E-7DA878B31C44}.Release|iPhoneSimulator.ActiveCfg = Release|Any CPU
		{04EB9A8E-9E88-4D31-997E-7DA878B31C44}.Release|iPhoneSimulator.Build.0 = Release|Any CPU
		{04EB9A8E-9E88-4D31-997E-7DA878B31C44}.Release|x64.ActiveCfg = Release|Any CPU
		{04EB9A8E-9E88-4D31-997E-7DA878B31C44}.Release|x64.Build.0 = Release|Any CPU
		{04EB9A8E-9E88-4D31-997E-7DA878B31C44}.Release|x86.ActiveCfg = Release|Any CPU
		{04EB9A8E-9E88-4D31-997E-7DA878B31C44}.Release|x86.Build.0 = Release|Any CPU
		{C457928C-F432-496F-8251-FEAA62723A88}.Ad-Hoc|Any CPU.ActiveCfg = Release|x86
		{C457928C-F432-496F-8251-FEAA62723A88}.Ad-Hoc|Any CPU.Build.0 = Release|x86
		{C457928C-F432-496F-8251-FEAA62723A88}.Ad-Hoc|Any CPU.Deploy.0 = Release|x86
		{C457928C-F432-496F-8251-FEAA62723A88}.Ad-Hoc|ARM.ActiveCfg = Release|ARM
		{C457928C-F432-496F-8251-FEAA62723A88}.Ad-Hoc|ARM.Build.0 = Release|ARM
		{C457928C-F432-496F-8251-FEAA62723A88}.Ad-Hoc|ARM.Deploy.0 = Release|ARM
		{C457928C-F432-496F-8251-FEAA62723A88}.Ad-Hoc|iPhone.ActiveCfg = Release|x86
		{C457928C-F432-496F-8251-FEAA62723A88}.Ad-Hoc|iPhone.Build.0 = Release|x86
		{C457928C-F432-496F-8251-FEAA62723A88}.Ad-Hoc|iPhone.Deploy.0 = Release|x86
		{C457928C-F432-496F-8251-FEAA62723A88}.Ad-Hoc|iPhoneSimulator.ActiveCfg = Release|x86
		{C457928C-F432-496F-8251-FEAA62723A88}.Ad-Hoc|iPhoneSimulator.Build.0 = Release|x86
		{C457928C-F432-496F-8251-FEAA62723A88}.Ad-Hoc|iPhoneSimulator.Deploy.0 = Release|x86
		{C457928C-F432-496F-8251-FEAA62723A88}.Ad-Hoc|x64.ActiveCfg = Release|x64
		{C457928C-F432-496F-8251-FEAA62723A88}.Ad-Hoc|x64.Build.0 = Release|x64
		{C457928C-F432-496F-8251-FEAA62723A88}.Ad-Hoc|x64.Deploy.0 = Release|x64
		{C457928C-F432-496F-8251-FEAA62723A88}.Ad-Hoc|x86.ActiveCfg = Release|x86
		{C457928C-F432-496F-8251-FEAA62723A88}.Ad-Hoc|x86.Build.0 = Release|x86
		{C457928C-F432-496F-8251-FEAA62723A88}.Ad-Hoc|x86.Deploy.0 = Release|x86
		{C457928C-F432-496F-8251-FEAA62723A88}.AppStore|Any CPU.ActiveCfg = Release|x86
		{C457928C-F432-496F-8251-FEAA62723A88}.AppStore|Any CPU.Build.0 = Release|x86
		{C457928C-F432-496F-8251-FEAA62723A88}.AppStore|Any CPU.Deploy.0 = Release|x86
		{C457928C-F432-496F-8251-FEAA62723A88}.AppStore|ARM.ActiveCfg = Release|ARM
		{C457928C-F432-496F-8251-FEAA62723A88}.AppStore|ARM.Build.0 = Release|ARM
		{C457928C-F432-496F-8251-FEAA62723A88}.AppStore|ARM.Deploy.0 = Release|ARM
		{C457928C-F432-496F-8251-FEAA62723A88}.AppStore|iPhone.ActiveCfg = Release|x86
		{C457928C-F432-496F-8251-FEAA62723A88}.AppStore|iPhone.Build.0 = Release|x86
		{C457928C-F432-496F-8251-FEAA62723A88}.AppStore|iPhone.Deploy.0 = Release|x86
		{C457928C-F432-496F-8251-FEAA62723A88}.AppStore|iPhoneSimulator.ActiveCfg = Release|x86
		{C457928C-F432-496F-8251-FEAA62723A88}.AppStore|iPhoneSimulator.Build.0 = Release|x86
		{C457928C-F432-496F-8251-FEAA62723A88}.AppStore|iPhoneSimulator.Deploy.0 = Release|x86
		{C457928C-F432-496F-8251-FEAA62723A88}.AppStore|x64.ActiveCfg = Release|x64
		{C457928C-F432-496F-8251-FEAA62723A88}.AppStore|x64.Build.0 = Release|x64
		{C457928C-F432-496F-8251-FEAA62723A88}.AppStore|x64.Deploy.0 = Release|x64
		{C457928C-F432-496F-8251-FEAA62723A88}.AppStore|x86.ActiveCfg = Release|x86
		{C457928C-F432-496F-8251-FEAA62723A88}.AppStore|x86.Build.0 = Release|x86
		{C457928C-F432-496F-8251-FEAA62723A88}.AppStore|x86.Deploy.0 = Release|x86
		{C457928C-F432-496F-8251-FEAA62723A88}.Debug|Any CPU.ActiveCfg = Debug|x86
		{C457928C-F432-496F-8251-FEAA62723A88}.Debug|ARM.ActiveCfg = Debug|ARM
		{C457928C-F432-496F-8251-FEAA62723A88}.Debug|ARM.Build.0 = Debug|ARM
		{C457928C-F432-496F-8251-FEAA62723A88}.Debug|ARM.Deploy.0 = Debug|ARM
		{C457928C-F432-496F-8251-FEAA62723A88}.Debug|iPhone.ActiveCfg = Debug|x86
		{C457928C-F432-496F-8251-FEAA62723A88}.Debug|iPhoneSimulator.ActiveCfg = Debug|x86
		{C457928C-F432-496F-8251-FEAA62723A88}.Debug|x64.ActiveCfg = Debug|x64
		{C457928C-F432-496F-8251-FEAA62723A88}.Debug|x64.Build.0 = Debug|x64
		{C457928C-F432-496F-8251-FEAA62723A88}.Debug|x64.Deploy.0 = Debug|x64
		{C457928C-F432-496F-8251-FEAA62723A88}.Debug|x86.ActiveCfg = Debug|x86
		{C457928C-F432-496F-8251-FEAA62723A88}.Debug|x86.Build.0 = Debug|x86
		{C457928C-F432-496F-8251-FEAA62723A88}.Debug|x86.Deploy.0 = Debug|x86
		{C457928C-F432-496F-8251-FEAA62723A88}.Release|Any CPU.ActiveCfg = Release|x86
		{C457928C-F432-496F-8251-FEAA62723A88}.Release|ARM.ActiveCfg = Release|ARM
		{C457928C-F432-496F-8251-FEAA62723A88}.Release|ARM.Build.0 = Release|ARM
		{C457928C-F432-496F-8251-FEAA62723A88}.Release|ARM.Deploy.0 = Release|ARM
		{C457928C-F432-496F-8251-FEAA62723A88}.Release|iPhone.ActiveCfg = Release|x86
		{C457928C-F432-496F-8251-FEAA62723A88}.Release|iPhoneSimulator.ActiveCfg = Release|x86
		{C457928C-F432-496F-8251-FEAA62723A88}.Release|x64.ActiveCfg = Release|x64
		{C457928C-F432-496F-8251-FEAA62723A88}.Release|x64.Build.0 = Release|x64
		{C457928C-F432-496F-8251-FEAA62723A88}.Release|x64.Deploy.0 = Release|x64
		{C457928C-F432-496F-8251-FEAA62723A88}.Release|x86.ActiveCfg = Release|x86
		{C457928C-F432-496F-8251-FEAA62723A88}.Release|x86.Build.0 = Release|x86
		{C457928C-F432-496F-8251-FEAA62723A88}.Release|x86.Deploy.0 = Release|x86
		{75D86F5B-28F6-4243-874D-188CB36A09FF}.Ad-Hoc|Any CPU.ActiveCfg = Ad-Hoc|iPhone
		{75D86F5B-28F6-4243-874D-188CB36A09FF}.Ad-Hoc|ARM.ActiveCfg = Ad-Hoc|iPhone
		{75D86F5B-28F6-4243-874D-188CB36A09FF}.Ad-Hoc|iPhone.ActiveCfg = Ad-Hoc|iPhone
		{75D86F5B-28F6-4243-874D-188CB36A09FF}.Ad-Hoc|iPhone.Build.0 = Ad-Hoc|iPhone
		{75D86F5B-28F6-4243-874D-188CB36A09FF}.Ad-Hoc|iPhoneSimulator.ActiveCfg = Ad-Hoc|iPhoneSimulator
		{75D86F5B-28F6-4243-874D-188CB36A09FF}.Ad-Hoc|iPhoneSimulator.Build.0 = Ad-Hoc|iPhoneSimulator
		{75D86F5B-28F6-4243-874D-188CB36A09FF}.Ad-Hoc|x64.ActiveCfg = Ad-Hoc|iPhone
		{75D86F5B-28F6-4243-874D-188CB36A09FF}.Ad-Hoc|x86.ActiveCfg = Ad-Hoc|iPhone
		{75D86F5B-28F6-4243-874D-188CB36A09FF}.AppStore|Any CPU.ActiveCfg = AppStore|iPhone
		{75D86F5B-28F6-4243-874D-188CB36A09FF}.AppStore|ARM.ActiveCfg = AppStore|iPhone
		{75D86F5B-28F6-4243-874D-188CB36A09FF}.AppStore|iPhone.ActiveCfg = AppStore|iPhone
		{75D86F5B-28F6-4243-874D-188CB36A09FF}.AppStore|iPhone.Build.0 = AppStore|iPhone
		{75D86F5B-28F6-4243-874D-188CB36A09FF}.AppStore|iPhoneSimulator.ActiveCfg = AppStore|iPhoneSimulator
		{75D86F5B-28F6-4243-874D-188CB36A09FF}.AppStore|iPhoneSimulator.Build.0 = AppStore|iPhoneSimulator
		{75D86F5B-28F6-4243-874D-188CB36A09FF}.AppStore|x64.ActiveCfg = AppStore|iPhone
		{75D86F5B-28F6-4243-874D-188CB36A09FF}.AppStore|x86.ActiveCfg = AppStore|iPhone
		{75D86F5B-28F6-4243-874D-188CB36A09FF}.Debug|Any CPU.ActiveCfg = Debug|iPhone
		{75D86F5B-28F6-4243-874D-188CB36A09FF}.Debug|ARM.ActiveCfg = Debug|iPhone
		{75D86F5B-28F6-4243-874D-188CB36A09FF}.Debug|iPhone.ActiveCfg = Debug|iPhone
		{75D86F5B-28F6-4243-874D-188CB36A09FF}.Debug|iPhone.Build.0 = Debug|iPhone
		{75D86F5B-28F6-4243-874D-188CB36A09FF}.Debug|iPhoneSimulator.ActiveCfg = Debug|iPhoneSimulator
		{75D86F5B-28F6-4243-874D-188CB36A09FF}.Debug|iPhoneSimulator.Build.0 = Debug|iPhoneSimulator
		{75D86F5B-28F6-4243-874D-188CB36A09FF}.Debug|x64.ActiveCfg = Debug|iPhone
		{75D86F5B-28F6-4243-874D-188CB36A09FF}.Debug|x86.ActiveCfg = Debug|iPhone
		{75D86F5B-28F6-4243-874D-188CB36A09FF}.Release|Any CPU.ActiveCfg = Release|iPhone
		{75D86F5B-28F6-4243-874D-188CB36A09FF}.Release|ARM.ActiveCfg = Release|iPhone
		{75D86F5B-28F6-4243-874D-188CB36A09FF}.Release|iPhone.ActiveCfg = Release|iPhone
		{75D86F5B-28F6-4243-874D-188CB36A09FF}.Release|iPhone.Build.0 = Release|iPhone
		{75D86F5B-28F6-4243-874D-188CB36A09FF}.Release|iPhoneSimulator.ActiveCfg = Release|iPhoneSimulator
		{75D86F5B-28F6-4243-874D-188CB36A09FF}.Release|iPhoneSimulator.Build.0 = Release|iPhoneSimulator
		{75D86F5B-28F6-4243-874D-188CB36A09FF}.Release|x64.ActiveCfg = Release|iPhone
		{75D86F5B-28F6-4243-874D-188CB36A09FF}.Release|x86.ActiveCfg = Release|iPhone
	EndGlobalSection
	GlobalSection(SolutionProperties) = preSolution
		HideSolutionNode = FALSE
	EndGlobalSection
	GlobalSection(ExtensibilityGlobals) = postSolution
		SolutionGuid = {71A3AF30-57A9-4A0A-B194-65786029DCA8}
	EndGlobalSection
EndGlobal
